
Microsoft Visual Studio Solution File, Format Version 12.00
# Visual Studio Version 17
VisualStudioVersion = 17.5.33627.172
MinimumVisualStudioVersion = 10.0.40219.1
Project("{9A19103F-16F7-4668-BE54-9A1E7A4F7556}") = "GamingNewsApp", "GamingNewsApp\GamingNewsApp.csproj", "{0AD2A55B-2008-4A6B-B4C5-86ABB28D83BF}"
EndProject
Global
	GlobalSection(SolutionConfigurationPlatforms) = preSolution
		Debug|Any CPU = Debug|Any CPU
		Release|Any CPU = Release|Any CPU
	EndGlobalSection
	GlobalSection(ProjectConfigurationPlatforms) = postSolution
		{0AD2A55B-2008-4A6B-B4C5-86ABB28D83BF}.Debug|Any CPU.ActiveCfg = Debug|Any CPU
		{0AD2A55B-2008-4A6B-B4C5-86ABB28D83BF}.Debug|Any CPU.Build.0 = Debug|Any CPU
		{0AD2A55B-2008-4A6B-B4C5-86ABB28D83BF}.Release|Any CPU.ActiveCfg = Release|Any CPU
		{0AD2A55B-2008-4A6B-B4C5-86ABB28D83BF}.Release|Any CPU.Build.0 = Release|Any CPU
	EndGlobalSection
	GlobalSection(SolutionProperties) = preSolution
		HideSolutionNode = FALSE
	EndGlobalSection
	GlobalSection(ExtensibilityGlobals) = postSolution
		SolutionGuid = {68AA38C8-F224-4BAE-B8E3-D5C03434DF2C}
	EndGlobalSection
EndGlobal
